// !$*UTF8*$!
{
	archiveVersion = 1;
	classes = {
	};
	objectVersion = 55;
	objects = {

/* Begin PBXBuildFile section */
		DD5F7816282D044E0095B90A /* AppDelegate.m in Sources */ = {isa = PBXBuildFile; fileRef = DD5F7815282D044E0095B90A /* AppDelegate.m */; };
		DD5F7819282D044E0095B90A /* SceneDelegate.m in Sources */ = {isa = PBXBuildFile; fileRef = DD5F7818282D044E0095B90A /* SceneDelegate.m */; };
		DD5F781C282D044E0095B90A /* ViewController.m in Sources */ = {isa = PBXBuildFile; fileRef = DD5F781B282D044E0095B90A /* ViewController.m */; };
		DD5F781F282D044E0095B90A /* Main.storyboard in Resources */ = {isa = PBXBuildFile; fileRef = DD5F781D282D044E0095B90A /* Main.storyboard */; };
		DD5F7821282D04510095B90A /* Assets.xcassets in Resources */ = {isa = PBXBuildFile; fileRef = DD5F7820282D04510095B90A /* Assets.xcassets */; };
		DD5F7824282D04510095B90A /* LaunchScreen.storyboard in Resources */ = {isa = PBXBuildFile; fileRef = DD5F7822282D04510095B90A /* LaunchScreen.storyboard */; };
		DD5F7827282D04510095B90A /* main.m in Sources */ = {isa = PBXBuildFile; fileRef = DD5F7826282D04510095B90A /* main.m */; };
		DD5F7830282D04950095B90A /* SesuatuSDK in Frameworks */ = {isa = PBXBuildFile; productRef = DD5F782F282D04950095B90A /* SesuatuSDK */; };
/* End PBXBuildFile section */

/* Begin PBXFileReference section */
		DD5F7811282D044D0095B90A /* SesuatuApp.app */ = {isa = PBXFileReference; explicitFileType = wrapper.application; includeInIndex = 0; path = SesuatuApp.app; sourceTree = BUILT_PRODUCTS_DIR; };
		DD5F7814282D044E0095B90A /* AppDelegate.h */ = {isa = PBXFileReference; lastKnownFileType = sourcecode.c.h; path = AppDelegate.h; sourceTree = "<group>"; };
		DD5F7815282D044E0095B90A /* AppDelegate.m */ = {isa = PBXFileReference; lastKnownFileType = sourcecode.c.objc; path = AppDelegate.m; sourceTree = "<group>"; };
		DD5F7817282D044E0095B90A /* SceneDelegate.h */ = {isa = PBXFileReference; lastKnownFileType = sourcecode.c.h; path = SceneDelegate.h; sourceTree = "<group>"; };
		DD5F7818282D044E0095B90A /* SceneDelegate.m */ = {isa = PBXFileReference; lastKnownFileType = sourcecode.c.objc; path = SceneDelegate.m; sourceTree = "<group>"; };
		DD5F781A282D044E0095B90A /* ViewController.h */ = {isa = PBXFileReference; lastKnownFileType = sourcecode.c.h; path = ViewController.h; sourceTree = "<group>"; };
		DD5F781B282D044E0095B90A /* ViewController.m */ = {isa = PBXFileReference; lastKnownFileType = sourcecode.c.objc; path = ViewController.m; sourceTree = "<group>"; };
		DD5F781E282D044E0095B90A /* Base */ = {isa = PBXFileReference; lastKnownFileType = file.storyboard; name = Base; path = Base.lproj/Main.storyboard; sourceTree = "<group>"; };
		DD5F7820282D04510095B90A /* Assets.xcassets */ = {isa = PBXFileReference; lastKnownFileType = folder.assetcatalog; path = Assets.xcassets; sourceTree = "<group>"; };
		DD5F7823282D04510095B90A /* Base */ = {isa = PBXFileReference; lastKnownFileType = file.storyboard; name = Base; path = Base.lproj/LaunchScreen.storyboard; sourceTree = "<group>"; };
		DD5F7825282D04510095B90A /* Info.plist */ = {isa = PBXFileReference; lastKnownFileType = text.plist.xml; path = Info.plist; sourceTree = "<group>"; };
		DD5F7826282D04510095B90A /* main.m */ = {isa = PBXFileReference; lastKnownFileType = sourcecode.c.objc; path = main.m; sourceTree = "<group>"; };
		DD5F782D282D04770095B90A /* SesuatuSDK */ = {isa = PBXFileReference; lastKnownFileType = wrapper; name = SesuatuSDK; path = ../SesuatuSDK; sourceTree = "<group>"; };
/* End PBXFileReference section */

/* Begin PBXFrameworksBuildPhase section */
		DD5F780E282D044D0095B90A /* Frameworks */ = {
			isa = PBXFrameworksBuildPhase;
			buildActionMask = 2147483647;
			files = (
				DD5F7830282D04950095B90A /* SesuatuSDK in Frameworks */,
			);
			runOnlyForDeploymentPostprocessing = 0;
		};
/* End PBXFrameworksBuildPhase section */

/* Begin PBXGroup section */
		DD5F7808282D044D0095B90A = {
			isa = PBXGroup;
			children = (
				DD5F782D282D04770095B90A /* SesuatuSDK */,
				DD5F7813282D044E0095B90A /* SesuatuApp */,
				DD5F7812282D044D0095B90A /* Products */,
				DD5F782E282D04950095B90A /* Frameworks */,
			);
			sourceTree = "<group>";
		};
		DD5F7812282D044D0095B90A /* Products */ = {
			isa = PBXGroup;
			children = (
				DD5F7811282D044D0095B90A /* SesuatuApp.app */,
			);
			name = Products;
			sourceTree = "<group>";
		};
		DD5F7813282D044E0095B90A /* SesuatuApp */ = {
			isa = PBXGroup;
			children = (
				DD5F7814282D044E0095B90A /* AppDelegate.h */,
				DD5F7815282D044E0095B90A /* AppDelegate.m */,
				DD5F7817282D044E0095B90A /* SceneDelegate.h */,
				DD5F7818282D044E0095B90A /* SceneDelegate.m */,
				DD5F781A282D044E0095B90A /* ViewController.h */,
				DD5F781B282D044E0095B90A /* ViewController.m */,
				DD5F781D282D044E0095B90A /* Main.storyboard */,
				DD5F7820282D04510095B90A /* Assets.xcassets */,
				DD5F7822282D04510095B90A /* LaunchScreen.storyboard */,
				DD5F7825282D04510095B90A /* Info.plist */,
				DD5F7826282D04510095B90A /* main.m */,
			);
			path = SesuatuApp;
			sourceTree = "<group>";
		};
		DD5F782E282D04950095B90A /* Frameworks */ = {
			isa = PBXGroup;
			children = (
			);
			name = Frameworks;
			sourceTree = "<group>";
		};
/* End PBXGroup section */

/* Begin PBXNativeTarget section */
		DD5F7810282D044D0095B90A /* SesuatuApp */ = {
			isa = PBXNativeTarget;
			buildConfigurationList = DD5F782A282D04510095B90A /* Build configuration list for PBXNativeTarget "SesuatuApp" */;
			buildPhases = (
				DD5F780D282D044D0095B90A /* Sources */,
				DD5F780E282D044D0095B90A /* Frameworks */,
				DD5F780F282D044D0095B90A /* Resources */,
			);
			buildRules = (
			);
			dependencies = (
			);
			name = SesuatuApp;
			packageProductDependencies = (
				DD5F782F282D04950095B90A /* SesuatuSDK */,
			);
			productName = SesuatuApp;
			productReference = DD5F7811282D044D0095B90A /* SesuatuApp.app */;
			productType = "com.apple.product-type.application";
		};
/* End PBXNativeTarget section */

/* Begin PBXProject section */
		DD5F7809282D044D0095B90A /* Project object */ = {
			isa = PBXProject;
			attributes = {
				BuildIndependentTargetsInParallel = 1;
				LastUpgradeCheck = 1320;
				TargetAttributes = {
					DD5F7810282D044D0095B90A = {
						CreatedOnToolsVersion = 13.2.1;
					};
				};
			};
			buildConfigurationList = DD5F780C282D044D0095B90A /* Build configuration list for PBXProject "SesuatuApp" */;
			compatibilityVersion = "Xcode 13.0";
			developmentRegion = en;
			hasScannedForEncodings = 0;
			knownRegions = (
				en,
				Base,
			);
			mainGroup = DD5F7808282D044D0095B90A;
			productRefGroup = DD5F7812282D044D0095B90A /* Products */;
			projectDirPath = "";
			projectRoot = "";
			targets = (
				DD5F7810282D044D0095B90A /* SesuatuApp */,
			);
		};
/* End PBXProject section */

/* Begin PBXResourcesBuildPhase section */
		DD5F780F282D044D0095B90A /* Resources */ = {
			isa = PBXResourcesBuildPhase;
			buildActionMask = 2147483647;
			files = (
				DD5F7824282D04510095B90A /* LaunchScreen.storyboard in Resources */,
				DD5F7821282D04510095B90A /* Assets.xcassets in Resources */,
				DD5F781F282D044E0095B90A /* Main.storyboard in Resources */,
			);
			runOnlyForDeploymentPostprocessing = 0;
		};
/* End PBXResourcesBuildPhase section */

/* Begin PBXSourcesBuildPhase section */
		DD5F780D282D044D0095B90A /* Sources */ = {
			isa = PBXSourcesBuildPhase;
			buildActionMask = 2147483647;
			files = (
				DD5F781C282D044E0095B90A /* ViewController.m in Sources */,
				DD5F7816282D044E0095B90A /* AppDelegate.m in Sources */,
				DD5F7827282D04510095B90A /* main.m in Sources */,
				DD5F7819282D044E0095B90A /* SceneDelegate.m in Sources */,
			);
			runOnlyForDeploymentPostprocessing = 0;
		};
/* End PBXSourcesBuildPhase section */

/* Begin PBXVariantGroup section */
		DD5F781D282D044E0095B90A /* Main.storyboard */ = {
			isa = PBXVariantGroup;
			children = (
				DD5F781E282D044E0095B90A /* Base */,
			);
			name = Main.storyboard;
			sourceTree = "<group>";
		};
		DD5F7822282D04510095B90A /* LaunchScreen.storyboard */ = {
			isa = PBXVariantGroup;
			children = (
				DD5F7823282D04510095B90A /* Base */,
			);
			name = LaunchScreen.storyboard;
			sourceTree = "<group>";
		};
/* End PBXVariantGroup section */

/* Begin XCBuildConfiguration section */
		DD5F7828282D04510095B90A /* Debug */ = {
			isa = XCBuildConfiguration;
			buildSettings = {
				ALWAYS_SEARCH_USER_PATHS = NO;
				CLANG_ANALYZER_NONNULL = YES;
				CLANG_ANALYZER_NUMBER_OBJECT_CONVERSION = YES_AGGRESSIVE;
				CLANG_CXX_LANGUAGE_STANDARD = "gnu++17";
				CLANG_CXX_LIBRARY = "libc++";
				CLANG_ENABLE_MODULES = YES;
				CLANG_ENABLE_OBJC_ARC = YES;
				CLANG_ENABLE_OBJC_WEAK = YES;
				CLANG_WARN_BLOCK_CAPTURE_AUTORELEASING = YES;
				CLANG_WARN_BOOL_CONVERSION = YES;
				CLANG_WARN_COMMA = YES;
				CLANG_WARN_CONSTANT_CONVERSION = YES;
				CLANG_WARN_DEPRECATED_OBJC_IMPLEMENTATIONS = YES;
				CLANG_WARN_DIRECT_OBJC_ISA_USAGE = YES_ERROR;
				CLANG_WARN_DOCUMENTATION_COMMENTS = YES;
				CLANG_WARN_EMPTY_BODY = YES;
				CLANG_WARN_ENUM_CONVERSION = YES;
				CLANG_WARN_INFINITE_RECURSION = YES;
				CLANG_WARN_INT_CONVERSION = YES;
				CLANG_WARN_NON_LITERAL_NULL_CONVERSION = YES;
				CLANG_WARN_OBJC_IMPLICIT_RETAIN_SELF = YES;
				CLANG_WARN_OBJC_LITERAL_CONVERSION = YES;
				CLANG_WARN_OBJC_ROOT_CLASS = YES_ERROR;
				CLANG_WARN_QUOTED_INCLUDE_IN_FRAMEWORK_HEADER = YES;
				CLANG_WARN_RANGE_LOOP_ANALYSIS = YES;
				CLANG_WARN_STRICT_PROTOTYPES = YES;
				CLANG_WARN_SUSPICIOUS_MOVE = YES;
				CLANG_WARN_UNGUARDED_AVAILABILITY = YES_AGGRESSIVE;
				CLANG_WARN_UNREACHABLE_CODE = YES;
				CLANG_WARN__DUPLICATE_METHOD_MATCH = YES;
				COPY_PHASE_STRIP = NO;
				DEBUG_INFORMATION_FORMAT = dwarf;
				ENABLE_STRICT_OBJC_MSGSEND = YES;
				ENABLE_TESTABILITY = YES;
				GCC_C_LANGUAGE_STANDARD = gnu11;
				GCC_DYNAMIC_NO_PIC = NO;
				GCC_NO_COMMON_BLOCKS = YES;
				GCC_OPTIMIZATION_LEVEL = 0;
				GCC_PREPROCESSOR_DEFINITIONS = (
					"DEBUG=1",
					"$(inherited)",
				);
				GCC_WARN_64_TO_32_BIT_CONVERSION = YES;
				GCC_WARN_ABOUT_RETURN_TYPE = YES_ERROR;
				GCC_WARN_UNDECLARED_SELECTOR = YES;
				GCC_WARN_UNINITIALIZED_AUTOS = YES_AGGRESSIVE;
				GCC_WARN_UNUSED_FUNCTION = YES;
				GCC_WARN_UNUSED_VARIABLE = YES;
				IPHONEOS_DEPLOYMENT_TARGET = 15.2;
				MTL_ENABLE_DEBUG_INFO = INCLUDE_SOURCE;
				MTL_FAST_MATH = YES;
				ONLY_ACTIVE_ARCH = YES;
				SDKROOT = iphoneos;
			};
			name = Debug;
		};
		DD5F7829282D04510095B90A /* Release */ = {
			isa = XCBuildConfiguration;
			buildSettings = {
				ALWAYS_SEARCH_USER_PATHS = NO;
				CLANG_ANALYZER_NONNULL = YES;
				CLANG_ANALYZER_NUMBER_OBJECT_CONVERSION = YES_AGGRESSIVE;
				CLANG_CXX_LANGUAGE_STANDARD = "gnu++17";
				CLANG_CXX_LIBRARY = "libc++";
				CLANG_ENABLE_MODULES = YES;
				CLANG_ENABLE_OBJC_ARC = YES;
				CLANG_ENABLE_OBJC_WEAK = YES;
				CLANG_WARN_BLOCK_CAPTURE_AUTORELEASING = YES;
				CLANG_WARN_BOOL_CONVERSION = YES;
				CLANG_WARN_COMMA = YES;
				CLANG_WARN_CONSTANT_CONVERSION = YES;
				CLANG_WARN_DEPRECATED_OBJC_IMPLEMENTATIONS = YES;
				CLANG_WARN_DIRECT_OBJC_ISA_USAGE = YES_ERROR;
				CLANG_WARN_DOCUMENTATION_COMMENTS = YES;
				CLANG_WARN_EMPTY_BODY = YES;
				CLANG_WARN_ENUM_CONVERSION = YES;
				CLANG_WARN_INFINITE_RECURSION = YES;
				CLANG_WARN_INT_CONVERSION = YES;
				CLANG_WARN_NON_LITERAL_NULL_CONVERSION = YES;
				CLANG_WARN_OBJC_IMPLICIT_RETAIN_SELF = YES;
				CLANG_WARN_OBJC_LITERAL_CONVERSION = YES;
				CLANG_WARN_OBJC_ROOT_CLASS = YES_ERROR;
				CLANG_WARN_QUOTED_INCLUDE_IN_FRAMEWORK_HEADER = YES;
				CLANG_WARN_RANGE_LOOP_ANALYSIS = YES;
				CLANG_WARN_STRICT_PROTOTYPES = YES;
				CLANG_WARN_SUSPICIOUS_MOVE = YES;
				CLANG_WARN_UNGUARDED_AVAILABILITY = YES_AGGRESSIVE;
				CLANG_WARN_UNREACHABLE_CODE = YES;
				CLANG_WARN__DUPLICATE_METHOD_MATCH = YES;
				COPY_PHASE_STRIP = NO;
				DEBUG_INFORMATION_FORMAT = "dwarf-with-dsym";
				ENABLE_NS_ASSERTIONS = NO;
				ENABLE_STRICT_OBJC_MSGSEND = YES;
				GCC_C_LANGUAGE_STANDARD = gnu11;
				GCC_NO_COMMON_BLOCKS = YES;
				GCC_WARN_64_TO_32_BIT_CONVERSION = YES;
				GCC_WARN_ABOUT_RETURN_TYPE = YES_ERROR;
				GCC_WARN_UNDECLARED_SELECTOR = YES;
				GCC_WARN_UNINITIALIZED_AUTOS = YES_AGGRESSIVE;
				GCC_WARN_UNUSED_FUNCTION = YES;
				GCC_WARN_UNUSED_VARIABLE = YES;
				IPHONEOS_DEPLOYMENT_TARGET = 15.2;
				MTL_ENABLE_DEBUG_INFO = NO;
				MTL_FAST_MATH = YES;
				SDKROOT = iphoneos;
				VALIDATE_PRODUCT = YES;
			};
			name = Release;
		};
		DD5F782B282D04510095B90A /* Debug */ = {
			isa = XCBuildConfiguration;
			buildSettings = {
				ASSETCATALOG_COMPILER_APPICON_NAME = AppIcon;
				ASSETCATALOG_COMPILER_GLOBAL_ACCENT_COLOR_NAME = AccentColor;
				CODE_SIGN_STYLE = Automatic;
				CURRENT_PROJECT_VERSION = 1;
				DEVELOPMENT_TEAM = A566REV8NE;
				GENERATE_INFOPLIST_FILE = YES;
				INFOPLIST_FILE = SesuatuApp/Info.plist;
				INFOPLIST_KEY_UIApplicationSupportsIndirectInputEvents = YES;
				INFOPLIST_KEY_UILaunchStoryboardName = LaunchScreen;
				INFOPLIST_KEY_UIMainStoryboardFile = Main;
				INFOPLIST_KEY_UISupportedInterfaceOrientations_iPad = "UIInterfaceOrientationPortrait UIInterfaceOrientationPortraitUpsideDown UIInterfaceOrientationLandscapeLeft UIInterfaceOrientationLandscapeRight";
				INFOPLIST_KEY_UISupportedInterfaceOrientations_iPhone = "UIInterfaceOrientationPortrait UIInterfaceOrientationLandscapeLeft UIInterfaceOrientationLandscapeRight";
				LD_RUNPATH_SEARCH_PATHS = (
					"$(inherited)",
					"@executable_path/Frameworks",
				);
				MARKETING_VERSION = 1.0;
				PRODUCT_BUNDLE_IDENTIFIER = com.uzisme.SesuatuApp;
				PRODUCT_NAME = "$(TARGET_NAME)";
				SWIFT_EMIT_LOC_STRINGS = YES;
				TARGETED_DEVICE_FAMILY = "1,2";
			};
			name = Debug;
		};
		DD5F782C282D04510095B90A /* Release */ = {
			isa = XCBuildConfiguration;
			buildSettings = {
				ASSETCATALOG_COMPILER_APPICON_NAME = AppIcon;
				ASSETCATALOG_COMPILER_GLOBAL_ACCENT_COLOR_NAME = AccentColor;
				CODE_SIGN_STYLE = Automatic;
				CURRENT_PROJECT_VERSION = 1;
				DEVELOPMENT_TEAM = A566REV8NE;
				GENERATE_INFOPLIST_FILE = YES;
				INFOPLIST_FILE = SesuatuApp/Info.plist;
				INFOPLIST_KEY_UIApplicationSupportsIndirectInputEvents = YES;
				INFOPLIST_KEY_UILaunchStoryboardName = LaunchScreen;
				INFOPLIST_KEY_UIMainStoryboardFile = Main;
				INFOPLIST_KEY_UISupportedInterfaceOrientations_iPad = "UIInterfaceOrientationPortrait UIInterfaceOrientationPortraitUpsideDown UIInterfaceOrientationLandscapeLeft UIInterfaceOrientationLandscapeRight";
				INFOPLIST_KEY_UISupportedInterfaceOrientations_iPhone = "UIInterfaceOrientationPortrait UIInterfaceOrientationLandscapeLeft UIInterfaceOrientationLandscapeRight";
				LD_RUNPATH_SEARCH_PATHS = (
					"$(inherited)",
					"@executable_path/Frameworks",
				);
				MARKETING_VERSION = 1.0;
				PRODUCT_BUNDLE_IDENTIFIER = com.uzisme.SesuatuApp;
				PRODUCT_NAME = "$(TARGET_NAME)";
				SWIFT_EMIT_LOC_STRINGS = YES;
				TARGETED_DEVICE_FAMILY = "1,2";
			};
			name = Release;
		};
/* End XCBuildConfiguration section */

/* Begin XCConfigurationList section */
		DD5F780C282D044D0095B90A /* Build configuration list for PBXProject "SesuatuApp" */ = {
			isa = XCConfigurationList;
			buildConfigurations = (
				DD5F7828282D04510095B90A /* Debug */,
				DD5F7829282D04510095B90A /* Release */,
			);
			defaultConfigurationIsVisible = 0;
			defaultConfigurationName = Release;
		};
		DD5F782A282D04510095B90A /* Build configuration list for PBXNativeTarget "SesuatuApp" */ = {
			isa = XCConfigurationList;
			buildConfigurations = (
				DD5F782B282D04510095B90A /* Debug */,
				DD5F782C282D04510095B90A /* Release */,
			);
			defaultConfigurationIsVisible = 0;
			defaultConfigurationName = Release;
		};
/* End XCConfigurationList section */

/* Begin XCSwiftPackageProductDependency section */
		DD5F782F282D04950095B90A /* SesuatuSDK */ = {
			isa = XCSwiftPackageProductDependency;
			productName = SesuatuSDK;
		};
/* End XCSwiftPackageProductDependency section */
	};
	rootObject = DD5F7809282D044D0095B90A /* Project object */;
}
